
Microsoft Visual Studio Solution File, Format Version 12.00
# Visual Studio 15
VisualStudioVersion = 15.0.27428.2015
MinimumVisualStudioVersion = 10.0.40219.1
Project("{9A19103F-16F7-4668-BE54-9A1E7A4F7556}") = "xpanxion-dev-essentials.web.api", "xpanxion-dev-essentials.web.api\xpanxion-dev-essentials.web.api.csproj", "{98606287-9063-46EC-B4A3-7EECC304BD3C}"
EndProject
Project("{9A19103F-16F7-4668-BE54-9A1E7A4F7556}") = "xpanxion-dev-essentials.web.api.Tests", "xpanxion-dev-essentials.web.api.Tests\xpanxion-dev-essentials.web.api.Tests.csproj", "{DA480554-04E1-4E7C-AC77-3134F45C7601}"
EndProject
Global
	GlobalSection(SolutionConfigurationPlatforms) = preSolution
		Debug|Any CPU = Debug|Any CPU
		Release|Any CPU = Release|Any CPU
	EndGlobalSection
	GlobalSection(ProjectConfigurationPlatforms) = postSolution
		{98606287-9063-46EC-B4A3-7EECC304BD3C}.Debug|Any CPU.ActiveCfg = Debug|Any CPU
		{98606287-9063-46EC-B4A3-7EECC304BD3C}.Debug|Any CPU.Build.0 = Debug|Any CPU
		{98606287-9063-46EC-B4A3-7EECC304BD3C}.Release|Any CPU.ActiveCfg = Release|Any CPU
		{98606287-9063-46EC-B4A3-7EECC304BD3C}.Release|Any CPU.Build.0 = Release|Any CPU
		{DA480554-04E1-4E7C-AC77-3134F45C7601}.Debug|Any CPU.ActiveCfg = Debug|Any CPU
		{DA480554-04E1-4E7C-AC77-3134F45C7601}.Debug|Any CPU.Build.0 = Debug|Any CPU
		{DA480554-04E1-4E7C-AC77-3134F45C7601}.Release|Any CPU.ActiveCfg = Release|Any CPU
		{DA480554-04E1-4E7C-AC77-3134F45C7601}.Release|Any CPU.Build.0 = Release|Any CPU
	EndGlobalSection
	GlobalSection(SolutionProperties) = preSolution
		HideSolutionNode = FALSE
	EndGlobalSection
	GlobalSection(ExtensibilityGlobals) = postSolution
		SolutionGuid = {184FE23E-75D7-4CA9-BD15-B40BF12F37FE}
	EndGlobalSection
EndGlobal
